
Microsoft Visual Studio Solution File, Format Version 12.00
# Visual Studio Version 16
VisualStudioVersion = 16.0.31613.86
MinimumVisualStudioVersion = 10.0.40219.1
Project("{9A19103F-16F7-4668-BE54-9A1E7A4F7556}") = "AspNetCoreProjeKampı", "AspNetCoreProjeKampı\AspNetCoreProjeKampı.csproj", "{0432DB0F-2D33-4A96-860C-14C850E61FC3}"
EndProject
Project("{9A19103F-16F7-4668-BE54-9A1E7A4F7556}") = "EntityLayer", "EntityLayer\EntityLayer.csproj", "{8CD726A5-252D-4581-8A2E-09608E2C3A50}"
EndProject
Project("{9A19103F-16F7-4668-BE54-9A1E7A4F7556}") = "BusinessLayer", "BusinessLayer\BusinessLayer.csproj", "{735F5175-0582-42C6-8EF2-C5F55A4F83D0}"
EndProject
Project("{9A19103F-16F7-4668-BE54-9A1E7A4F7556}") = "CoreLayer", "CoreLayer\CoreLayer.csproj", "{B1108898-E75C-4657-BBF9-0D78C72E4442}"
EndProject
Project("{9A19103F-16F7-4668-BE54-9A1E7A4F7556}") = "DataAccessLayer", "DataAccessLayer\DataAccessLayer.csproj", "{EF99765A-1060-4492-8A38-AA10C094DB7E}"
EndProject
Project("{FAE04EC0-301F-11D3-BF4B-00C04F79EFBC}") = "BlogApi", "BlogApi\BlogApi.csproj", "{80E57327-68AA-4373-8FE2-9E9E755B0002}"
EndProject
Global
	GlobalSection(SolutionConfigurationPlatforms) = preSolution
		Debug|Any CPU = Debug|Any CPU
		Release|Any CPU = Release|Any CPU
	EndGlobalSection
	GlobalSection(ProjectConfigurationPlatforms) = postSolution
		{0432DB0F-2D33-4A96-860C-14C850E61FC3}.Debug|Any CPU.ActiveCfg = Debug|Any CPU
		{0432DB0F-2D33-4A96-860C-14C850E61FC3}.Debug|Any CPU.Build.0 = Debug|Any CPU
		{0432DB0F-2D33-4A96-860C-14C850E61FC3}.Release|Any CPU.ActiveCfg = Release|Any CPU
		{0432DB0F-2D33-4A96-860C-14C850E61FC3}.Release|Any CPU.Build.0 = Release|Any CPU
		{8CD726A5-252D-4581-8A2E-09608E2C3A50}.Debug|Any CPU.ActiveCfg = Debug|Any CPU
		{8CD726A5-252D-4581-8A2E-09608E2C3A50}.Debug|Any CPU.Build.0 = Debug|Any CPU
		{8CD726A5-252D-4581-8A2E-09608E2C3A50}.Release|Any CPU.ActiveCfg = Release|Any CPU
		{8CD726A5-252D-4581-8A2E-09608E2C3A50}.Release|Any CPU.Build.0 = Release|Any CPU
		{735F5175-0582-42C6-8EF2-C5F55A4F83D0}.Debug|Any CPU.ActiveCfg = Debug|Any CPU
		{735F5175-0582-42C6-8EF2-C5F55A4F83D0}.Debug|Any CPU.Build.0 = Debug|Any CPU
		{735F5175-0582-42C6-8EF2-C5F55A4F83D0}.Release|Any CPU.ActiveCfg = Release|Any CPU
		{735F5175-0582-42C6-8EF2-C5F55A4F83D0}.Release|Any CPU.Build.0 = Release|Any CPU
		{B1108898-E75C-4657-BBF9-0D78C72E4442}.Debug|Any CPU.ActiveCfg = Debug|Any CPU
		{B1108898-E75C-4657-BBF9-0D78C72E4442}.Debug|Any CPU.Build.0 = Debug|Any CPU
		{B1108898-E75C-4657-BBF9-0D78C72E4442}.Release|Any CPU.ActiveCfg = Release|Any CPU
		{B1108898-E75C-4657-BBF9-0D78C72E4442}.Release|Any CPU.Build.0 = Release|Any CPU
		{EF99765A-1060-4492-8A38-AA10C094DB7E}.Debug|Any CPU.ActiveCfg = Debug|Any CPU
		{EF99765A-1060-4492-8A38-AA10C094DB7E}.Debug|Any CPU.Build.0 = Debug|Any CPU
		{EF99765A-1060-4492-8A38-AA10C094DB7E}.Release|Any CPU.ActiveCfg = Release|Any CPU
		{EF99765A-1060-4492-8A38-AA10C094DB7E}.Release|Any CPU.Build.0 = Release|Any CPU
		{80E57327-68AA-4373-8FE2-9E9E755B0002}.Debug|Any CPU.ActiveCfg = Debug|Any CPU
		{80E57327-68AA-4373-8FE2-9E9E755B0002}.Debug|Any CPU.Build.0 = Debug|Any CPU
		{80E57327-68AA-4373-8FE2-9E9E755B0002}.Release|Any CPU.ActiveCfg = Release|Any CPU
		{80E57327-68AA-4373-8FE2-9E9E755B0002}.Release|Any CPU.Build.0 = Release|Any CPU
	EndGlobalSection
	GlobalSection(SolutionProperties) = preSolution
		HideSolutionNode = FALSE
	EndGlobalSection
	GlobalSection(ExtensibilityGlobals) = postSolution
		SolutionGuid = {5FCF8E52-C5EB-40B9-A017-59D5F489B604}
	EndGlobalSection
EndGlobal
